// !$*UTF8*$!
{
	archiveVersion = 1;
	classes = {
	};
	objectVersion = 50;
	objects = {

/* Begin PBXBuildFile section */
		5A4D02385C14BE0B74C747BC /* libPods-XBYPlayer.a in Frameworks */ = {isa = PBXBuildFile; fileRef = C7F388458032EA6F8C45F83A /* libPods-XBYPlayer.a */; };
		A1DC9839219AAD9F00F57B48 /* content.json in Resources */ = {isa = PBXBuildFile; fileRef = A1DC9838219AAD9E00F57B48 /* content.json */; };
		A1DC983D219AAF3A00F57B48 /* ListModel.m in Sources */ = {isa = PBXBuildFile; fileRef = A1DC983C219AAF3A00F57B48 /* ListModel.m */; };
		A1DC9841219AB32B00F57B48 /* ListCell.m in Sources */ = {isa = PBXBuildFile; fileRef = A1DC983F219AB32B00F57B48 /* ListCell.m */; };
		A1DC9842219AB32B00F57B48 /* ListCell.xib in Resources */ = {isa = PBXBuildFile; fileRef = A1DC9840219AB32B00F57B48 /* ListCell.xib */; };
		A1EB7B8C2195925800B6B198 /* AppDelegate.m in Sources */ = {isa = PBXBuildFile; fileRef = A1EB7B8B2195925800B6B198 /* AppDelegate.m */; };
		A1EB7B8F2195925800B6B198 /* ViewController.m in Sources */ = {isa = PBXBuildFile; fileRef = A1EB7B8E2195925800B6B198 /* ViewController.m */; };
		A1EB7B922195925800B6B198 /* Main.storyboard in Resources */ = {isa = PBXBuildFile; fileRef = A1EB7B902195925800B6B198 /* Main.storyboard */; };
		A1EB7B942195925900B6B198 /* Assets.xcassets in Resources */ = {isa = PBXBuildFile; fileRef = A1EB7B932195925900B6B198 /* Assets.xcassets */; };
		A1EB7B972195925900B6B198 /* LaunchScreen.storyboard in Resources */ = {isa = PBXBuildFile; fileRef = A1EB7B952195925900B6B198 /* LaunchScreen.storyboard */; };
		A1EB7B9A2195925900B6B198 /* main.m in Sources */ = {isa = PBXBuildFile; fileRef = A1EB7B992195925900B6B198 /* main.m */; };
		A1EB7BA92199299100B6B198 /* XBYPlayer.m in Sources */ = {isa = PBXBuildFile; fileRef = A1EB7BA82199299100B6B198 /* XBYPlayer.m */; };
		A1EB7BC42199571000B6B198 /* XBYPlayerIcons.xcassets in Resources */ = {isa = PBXBuildFile; fileRef = A1EB7BC32199571000B6B198 /* XBYPlayerIcons.xcassets */; };
/* End PBXBuildFile section */

/* Begin PBXFileReference section */
		54F30228A7FDAB82057BF673 /* Pods-XBYPlayer.debug.xcconfig */ = {isa = PBXFileReference; includeInIndex = 1; lastKnownFileType = text.xcconfig; name = "Pods-XBYPlayer.debug.xcconfig"; path = "Pods/Target Support Files/Pods-XBYPlayer/Pods-XBYPlayer.debug.xcconfig"; sourceTree = "<group>"; };
		67063D491DE7502DE6F41724 /* Pods-XBYPlayer.release.xcconfig */ = {isa = PBXFileReference; includeInIndex = 1; lastKnownFileType = text.xcconfig; name = "Pods-XBYPlayer.release.xcconfig"; path = "Pods/Target Support Files/Pods-XBYPlayer/Pods-XBYPlayer.release.xcconfig"; sourceTree = "<group>"; };
		A1DC9838219AAD9E00F57B48 /* content.json */ = {isa = PBXFileReference; fileEncoding = 4; lastKnownFileType = text.json; path = content.json; sourceTree = "<group>"; };
		A1DC983B219AAF3A00F57B48 /* ListModel.h */ = {isa = PBXFileReference; lastKnownFileType = sourcecode.c.h; path = ListModel.h; sourceTree = "<group>"; };
		A1DC983C219AAF3A00F57B48 /* ListModel.m */ = {isa = PBXFileReference; lastKnownFileType = sourcecode.c.objc; path = ListModel.m; sourceTree = "<group>"; };
		A1DC983E219AB32B00F57B48 /* ListCell.h */ = {isa = PBXFileReference; lastKnownFileType = sourcecode.c.h; path = ListCell.h; sourceTree = "<group>"; };
		A1DC983F219AB32B00F57B48 /* ListCell.m */ = {isa = PBXFileReference; lastKnownFileType = sourcecode.c.objc; path = ListCell.m; sourceTree = "<group>"; };
		A1DC9840219AB32B00F57B48 /* ListCell.xib */ = {isa = PBXFileReference; lastKnownFileType = file.xib; path = ListCell.xib; sourceTree = "<group>"; };
		A1EB7B872195925800B6B198 /* XBYPlayer.app */ = {isa = PBXFileReference; explicitFileType = wrapper.application; includeInIndex = 0; path = XBYPlayer.app; sourceTree = BUILT_PRODUCTS_DIR; };
		A1EB7B8A2195925800B6B198 /* AppDelegate.h */ = {isa = PBXFileReference; lastKnownFileType = sourcecode.c.h; path = AppDelegate.h; sourceTree = "<group>"; };
		A1EB7B8B2195925800B6B198 /* AppDelegate.m */ = {isa = PBXFileReference; lastKnownFileType = sourcecode.c.objc; path = AppDelegate.m; sourceTree = "<group>"; };
		A1EB7B8D2195925800B6B198 /* ViewController.h */ = {isa = PBXFileReference; lastKnownFileType = sourcecode.c.h; path = ViewController.h; sourceTree = "<group>"; };
		A1EB7B8E2195925800B6B198 /* ViewController.m */ = {isa = PBXFileReference; lastKnownFileType = sourcecode.c.objc; path = ViewController.m; sourceTree = "<group>"; };
		A1EB7B912195925800B6B198 /* Base */ = {isa = PBXFileReference; lastKnownFileType = file.storyboard; name = Base; path = Base.lproj/Main.storyboard; sourceTree = "<group>"; };
		A1EB7B932195925900B6B198 /* Assets.xcassets */ = {isa = PBXFileReference; lastKnownFileType = folder.assetcatalog; path = Assets.xcassets; sourceTree = "<group>"; };
		A1EB7B962195925900B6B198 /* Base */ = {isa = PBXFileReference; lastKnownFileType = file.storyboard; name = Base; path = Base.lproj/LaunchScreen.storyboard; sourceTree = "<group>"; };
		A1EB7B982195925900B6B198 /* Info.plist */ = {isa = PBXFileReference; lastKnownFileType = text.plist.xml; path = Info.plist; sourceTree = "<group>"; };
		A1EB7B992195925900B6B198 /* main.m */ = {isa = PBXFileReference; lastKnownFileType = sourcecode.c.objc; path = main.m; sourceTree = "<group>"; };
		A1EB7BA72199299100B6B198 /* XBYPlayer.h */ = {isa = PBXFileReference; lastKnownFileType = sourcecode.c.h; path = XBYPlayer.h; sourceTree = "<group>"; };
		A1EB7BA82199299100B6B198 /* XBYPlayer.m */ = {isa = PBXFileReference; lastKnownFileType = sourcecode.c.objc; path = XBYPlayer.m; sourceTree = "<group>"; };
		A1EB7BC32199571000B6B198 /* XBYPlayerIcons.xcassets */ = {isa = PBXFileReference; lastKnownFileType = folder.assetcatalog; path = XBYPlayerIcons.xcassets; sourceTree = "<group>"; };
		C7F388458032EA6F8C45F83A /* libPods-XBYPlayer.a */ = {isa = PBXFileReference; explicitFileType = archive.ar; includeInIndex = 0; path = "libPods-XBYPlayer.a"; sourceTree = BUILT_PRODUCTS_DIR; };
/* End PBXFileReference section */

/* Begin PBXFrameworksBuildPhase section */
		A1EB7B842195925800B6B198 /* Frameworks */ = {
			isa = PBXFrameworksBuildPhase;
			buildActionMask = 2147483647;
			files = (
				5A4D02385C14BE0B74C747BC /* libPods-XBYPlayer.a in Frameworks */,
			);
			runOnlyForDeploymentPostprocessing = 0;
		};
/* End PBXFrameworksBuildPhase section */

/* Begin PBXGroup section */
		20901B092B1E1102C2D17BC4 /* Frameworks */ = {
			isa = PBXGroup;
			children = (
				C7F388458032EA6F8C45F83A /* libPods-XBYPlayer.a */,
			);
			name = Frameworks;
			sourceTree = "<group>";
		};
		3E84A1BF8EE23E3EE2C2E3FA /* Pods */ = {
			isa = PBXGroup;
			children = (
				54F30228A7FDAB82057BF673 /* Pods-XBYPlayer.debug.xcconfig */,
				67063D491DE7502DE6F41724 /* Pods-XBYPlayer.release.xcconfig */,
			);
			name = Pods;
			sourceTree = "<group>";
		};
		A1EB7B7E2195925800B6B198 = {
			isa = PBXGroup;
			children = (
				A1EB7B892195925800B6B198 /* XBYPlayer */,
				A1EB7B882195925800B6B198 /* Products */,
				3E84A1BF8EE23E3EE2C2E3FA /* Pods */,
				20901B092B1E1102C2D17BC4 /* Frameworks */,
			);
			sourceTree = "<group>";
		};
		A1EB7B882195925800B6B198 /* Products */ = {
			isa = PBXGroup;
			children = (
				A1EB7B872195925800B6B198 /* XBYPlayer.app */,
			);
			name = Products;
			sourceTree = "<group>";
		};
		A1EB7B892195925800B6B198 /* XBYPlayer */ = {
			isa = PBXGroup;
			children = (
				A1EB7BA22199287300B6B198 /* XBYPlayer */,
				A1EB7B8A2195925800B6B198 /* AppDelegate.h */,
				A1EB7B8B2195925800B6B198 /* AppDelegate.m */,
				A1EB7B8D2195925800B6B198 /* ViewController.h */,
				A1EB7B8E2195925800B6B198 /* ViewController.m */,
				A1DC983B219AAF3A00F57B48 /* ListModel.h */,
				A1DC983C219AAF3A00F57B48 /* ListModel.m */,
				A1DC983E219AB32B00F57B48 /* ListCell.h */,
				A1DC983F219AB32B00F57B48 /* ListCell.m */,
				A1DC9840219AB32B00F57B48 /* ListCell.xib */,
				A1EB7B902195925800B6B198 /* Main.storyboard */,
				A1DC9838219AAD9E00F57B48 /* content.json */,
				A1EB7B932195925900B6B198 /* Assets.xcassets */,
				A1EB7B952195925900B6B198 /* LaunchScreen.storyboard */,
				A1EB7B982195925900B6B198 /* Info.plist */,
				A1EB7B992195925900B6B198 /* main.m */,
			);
			path = XBYPlayer;
			sourceTree = "<group>";
		};
		A1EB7BA22199287300B6B198 /* XBYPlayer */ = {
			isa = PBXGroup;
			children = (
				A1EB7BC32199571000B6B198 /* XBYPlayerIcons.xcassets */,
				A1EB7BA72199299100B6B198 /* XBYPlayer.h */,
				A1EB7BA82199299100B6B198 /* XBYPlayer.m */,
			);
			path = XBYPlayer;
			sourceTree = "<group>";
		};
/* End PBXGroup section */

/* Begin PBXNativeTarget section */
		A1EB7B862195925800B6B198 /* XBYPlayer */ = {
			isa = PBXNativeTarget;
			buildConfigurationList = A1EB7B9D2195925900B6B198 /* Build configuration list for PBXNativeTarget "XBYPlayer" */;
			buildPhases = (
				5C915FF4D563C75F42AE014E /* [CP] Check Pods Manifest.lock */,
				A1EB7B832195925800B6B198 /* Sources */,
				A1EB7B842195925800B6B198 /* Frameworks */,
				A1EB7B852195925800B6B198 /* Resources */,
			);
			buildRules = (
			);
			dependencies = (
			);
			name = XBYPlayer;
			productName = XBYPlayer;
			productReference = A1EB7B872195925800B6B198 /* XBYPlayer.app */;
			productType = "com.apple.product-type.application";
		};
/* End PBXNativeTarget section */

/* Begin PBXProject section */
		A1EB7B7F2195925800B6B198 /* Project object */ = {
			isa = PBXProject;
			attributes = {
				LastUpgradeCheck = 0940;
				ORGANIZATIONNAME = com.BToken;
				TargetAttributes = {
					A1EB7B862195925800B6B198 = {
						CreatedOnToolsVersion = 9.4.1;
					};
				};
			};
			buildConfigurationList = A1EB7B822195925800B6B198 /* Build configuration list for PBXProject "XBYPlayer" */;
			compatibilityVersion = "Xcode 9.3";
			developmentRegion = en;
			hasScannedForEncodings = 0;
			knownRegions = (
				en,
				Base,
			);
			mainGroup = A1EB7B7E2195925800B6B198;
			productRefGroup = A1EB7B882195925800B6B198 /* Products */;
			projectDirPath = "";
			projectRoot = "";
			targets = (
				A1EB7B862195925800B6B198 /* XBYPlayer */,
			);
		};
/* End PBXProject section */

/* Begin PBXResourcesBuildPhase section */
		A1EB7B852195925800B6B198 /* Resources */ = {
			isa = PBXResourcesBuildPhase;
			buildActionMask = 2147483647;
			files = (
				A1DC9839219AAD9F00F57B48 /* content.json in Resources */,
				A1DC9842219AB32B00F57B48 /* ListCell.xib in Resources */,
				A1EB7B972195925900B6B198 /* LaunchScreen.storyboard in Resources */,
				A1EB7B942195925900B6B198 /* Assets.xcassets in Resources */,
				A1EB7BC42199571000B6B198 /* XBYPlayerIcons.xcassets in Resources */,
				A1EB7B922195925800B6B198 /* Main.storyboard in Resources */,
			);
			runOnlyForDeploymentPostprocessing = 0;
		};
/* End PBXResourcesBuildPhase section */

/* Begin PBXShellScriptBuildPhase section */
		5C915FF4D563C75F42AE014E /* [CP] Check Pods Manifest.lock */ = {
			isa = PBXShellScriptBuildPhase;
			buildActionMask = 2147483647;
			files = (
			);
			inputPaths = (
				"${PODS_PODFILE_DIR_PATH}/Podfile.lock",
				"${PODS_ROOT}/Manifest.lock",
			);
			name = "[CP] Check Pods Manifest.lock";
			outputPaths = (
				"$(DERIVED_FILE_DIR)/Pods-XBYPlayer-checkManifestLockResult.txt",
			);
			runOnlyForDeploymentPostprocessing = 0;
			shellPath = /bin/sh;
			shellScript = "diff \"${PODS_PODFILE_DIR_PATH}/Podfile.lock\" \"${PODS_ROOT}/Manifest.lock\" > /dev/null\nif [ $? != 0 ] ; then\n    # print error to STDERR\n    echo \"error: The sandbox is not in sync with the Podfile.lock. Run 'pod install' or update your CocoaPods installation.\" >&2\n    exit 1\nfi\n# This output is used by Xcode 'outputs' to avoid re-running this script phase.\necho \"SUCCESS\" > \"${SCRIPT_OUTPUT_FILE_0}\"\n";
			showEnvVarsInLog = 0;
		};
/* End PBXShellScriptBuildPhase section */

/* Begin PBXSourcesBuildPhase section */
		A1EB7B832195925800B6B198 /* Sources */ = {
			isa = PBXSourcesBuildPhase;
			buildActionMask = 2147483647;
			files = (
				A1EB7B8F2195925800B6B198 /* ViewController.m in Sources */,
				A1DC9841219AB32B00F57B48 /* ListCell.m in Sources */,
				A1EB7B9A2195925900B6B198 /* main.m in Sources */,
				A1EB7BA92199299100B6B198 /* XBYPlayer.m in Sources */,
				A1DC983D219AAF3A00F57B48 /* ListModel.m in Sources */,
				A1EB7B8C2195925800B6B198 /* AppDelegate.m in Sources */,
			);
			runOnlyForDeploymentPostprocessing = 0;
		};
/* End PBXSourcesBuildPhase section */

/* Begin PBXVariantGroup section */
		A1EB7B902195925800B6B198 /* Main.storyboard */ = {
			isa = PBXVariantGroup;
			children = (
				A1EB7B912195925800B6B198 /* Base */,
			);
			name = Main.storyboard;
			sourceTree = "<group>";
		};
		A1EB7B952195925900B6B198 /* LaunchScreen.storyboard */ = {
			isa = PBXVariantGroup;
			children = (
				A1EB7B962195925900B6B198 /* Base */,
			);
			name = LaunchScreen.storyboard;
			sourceTree = "<group>";
		};
/* End PBXVariantGroup section */

/* Begin XCBuildConfiguration section */
		A1EB7B9B2195925900B6B198 /* Debug */ = {
			isa = XCBuildConfiguration;
			buildSettings = {
				ALWAYS_SEARCH_USER_PATHS = NO;
				CLANG_ANALYZER_NONNULL = YES;
				CLANG_ANALYZER_NUMBER_OBJECT_CONVERSION = YES_AGGRESSIVE;
				CLANG_CXX_LANGUAGE_STANDARD = "gnu++14";
				CLANG_CXX_LIBRARY = "libc++";
				CLANG_ENABLE_MODULES = YES;
				CLANG_ENABLE_OBJC_ARC = YES;
				CLANG_ENABLE_OBJC_WEAK = YES;
				CLANG_WARN_BLOCK_CAPTURE_AUTORELEASING = YES;
				CLANG_WARN_BOOL_CONVERSION = YES;
				CLANG_WARN_COMMA = YES;
				CLANG_WARN_CONSTANT_CONVERSION = YES;
				CLANG_WARN_DEPRECATED_OBJC_IMPLEMENTATIONS = YES;
				CLANG_WARN_DIRECT_OBJC_ISA_USAGE = YES_ERROR;
				CLANG_WARN_DOCUMENTATION_COMMENTS = YES;
				CLANG_WARN_EMPTY_BODY = YES;
				CLANG_WARN_ENUM_CONVERSION = YES;
				CLANG_WARN_INFINITE_RECURSION = YES;
				CLANG_WARN_INT_CONVERSION = YES;
				CLANG_WARN_NON_LITERAL_NULL_CONVERSION = YES;
				CLANG_WARN_OBJC_IMPLICIT_RETAIN_SELF = YES;
				CLANG_WARN_OBJC_LITERAL_CONVERSION = YES;
				CLANG_WARN_OBJC_ROOT_CLASS = YES_ERROR;
				CLANG_WARN_RANGE_LOOP_ANALYSIS = YES;
				CLANG_WARN_STRICT_PROTOTYPES = YES;
				CLANG_WARN_SUSPICIOUS_MOVE = YES;
				CLANG_WARN_UNGUARDED_AVAILABILITY = YES_AGGRESSIVE;
				CLANG_WARN_UNREACHABLE_CODE = YES;
				CLANG_WARN__DUPLICATE_METHOD_MATCH = YES;
				CODE_SIGN_IDENTITY = "iPhone Developer";
				COPY_PHASE_STRIP = NO;
				DEBUG_INFORMATION_FORMAT = dwarf;
				ENABLE_STRICT_OBJC_MSGSEND = YES;
				ENABLE_TESTABILITY = YES;
				GCC_C_LANGUAGE_STANDARD = gnu11;
				GCC_DYNAMIC_NO_PIC = NO;
				GCC_NO_COMMON_BLOCKS = YES;
				GCC_OPTIMIZATION_LEVEL = 0;
				GCC_PREPROCESSOR_DEFINITIONS = (
					"DEBUG=1",
					"$(inherited)",
				);
				GCC_WARN_64_TO_32_BIT_CONVERSION = YES;
				GCC_WARN_ABOUT_RETURN_TYPE = YES_ERROR;
				GCC_WARN_UNDECLARED_SELECTOR = YES;
				GCC_WARN_UNINITIALIZED_AUTOS = YES_AGGRESSIVE;
				GCC_WARN_UNUSED_FUNCTION = YES;
				GCC_WARN_UNUSED_VARIABLE = YES;
				IPHONEOS_DEPLOYMENT_TARGET = 10.0;
				MTL_ENABLE_DEBUG_INFO = YES;
				ONLY_ACTIVE_ARCH = YES;
				SDKROOT = iphoneos;
			};
			name = Debug;
		};
		A1EB7B9C2195925900B6B198 /* Release */ = {
			isa = XCBuildConfiguration;
			buildSettings = {
				ALWAYS_SEARCH_USER_PATHS = NO;
				CLANG_ANALYZER_NONNULL = YES;
				CLANG_ANALYZER_NUMBER_OBJECT_CONVERSION = YES_AGGRESSIVE;
				CLANG_CXX_LANGUAGE_STANDARD = "gnu++14";
				CLANG_CXX_LIBRARY = "libc++";
				CLANG_ENABLE_MODULES = YES;
				CLANG_ENABLE_OBJC_ARC = YES;
				CLANG_ENABLE_OBJC_WEAK = YES;
				CLANG_WARN_BLOCK_CAPTURE_AUTORELEASING = YES;
				CLANG_WARN_BOOL_CONVERSION = YES;
				CLANG_WARN_COMMA = YES;
				CLANG_WARN_CONSTANT_CONVERSION = YES;
				CLANG_WARN_DEPRECATED_OBJC_IMPLEMENTATIONS = YES;
				CLANG_WARN_DIRECT_OBJC_ISA_USAGE = YES_ERROR;
				CLANG_WARN_DOCUMENTATION_COMMENTS = YES;
				CLANG_WARN_EMPTY_BODY = YES;
				CLANG_WARN_ENUM_CONVERSION = YES;
				CLANG_WARN_INFINITE_RECURSION = YES;
				CLANG_WARN_INT_CONVERSION = YES;
				CLANG_WARN_NON_LITERAL_NULL_CONVERSION = YES;
				CLANG_WARN_OBJC_IMPLICIT_RETAIN_SELF = YES;
				CLANG_WARN_OBJC_LITERAL_CONVERSION = YES;
				CLANG_WARN_OBJC_ROOT_CLASS = YES_ERROR;
				CLANG_WARN_RANGE_LOOP_ANALYSIS = YES;
				CLANG_WARN_STRICT_PROTOTYPES = YES;
				CLANG_WARN_SUSPICIOUS_MOVE = YES;
				CLANG_WARN_UNGUARDED_AVAILABILITY = YES_AGGRESSIVE;
				CLANG_WARN_UNREACHABLE_CODE = YES;
				CLANG_WARN__DUPLICATE_METHOD_MATCH = YES;
				CODE_SIGN_IDENTITY = "iPhone Developer";
				COPY_PHASE_STRIP = NO;
				DEBUG_INFORMATION_FORMAT = "dwarf-with-dsym";
				ENABLE_NS_ASSERTIONS = NO;
				ENABLE_STRICT_OBJC_MSGSEND = YES;
				GCC_C_LANGUAGE_STANDARD = gnu11;
				GCC_NO_COMMON_BLOCKS = YES;
				GCC_WARN_64_TO_32_BIT_CONVERSION = YES;
				GCC_WARN_ABOUT_RETURN_TYPE = YES_ERROR;
				GCC_WARN_UNDECLARED_SELECTOR = YES;
				GCC_WARN_UNINITIALIZED_AUTOS = YES_AGGRESSIVE;
				GCC_WARN_UNUSED_FUNCTION = YES;
				GCC_WARN_UNUSED_VARIABLE = YES;
				IPHONEOS_DEPLOYMENT_TARGET = 10.0;
				MTL_ENABLE_DEBUG_INFO = NO;
				SDKROOT = iphoneos;
				VALIDATE_PRODUCT = YES;
			};
			name = Release;
		};
		A1EB7B9E2195925900B6B198 /* Debug */ = {
			isa = XCBuildConfiguration;
			baseConfigurationReference = 54F30228A7FDAB82057BF673 /* Pods-XBYPlayer.debug.xcconfig */;
			buildSettings = {
				ASSETCATALOG_COMPILER_APPICON_NAME = AppIcon;
				CODE_SIGN_STYLE = Automatic;
				DEVELOPMENT_TEAM = 7454MRUG93;
				INFOPLIST_FILE = XBYPlayer/Info.plist;
				LD_RUNPATH_SEARCH_PATHS = (
					"$(inherited)",
					"@executable_path/Frameworks",
				);
				PRODUCT_BUNDLE_IDENTIFIER = com.BToken.XBYPlayer;
				PRODUCT_NAME = "$(TARGET_NAME)";
				TARGETED_DEVICE_FAMILY = "1,2";
			};
			name = Debug;
		};
		A1EB7B9F2195925900B6B198 /* Release */ = {
			isa = XCBuildConfiguration;
			baseConfigurationReference = 67063D491DE7502DE6F41724 /* Pods-XBYPlayer.release.xcconfig */;
			buildSettings = {
				ASSETCATALOG_COMPILER_APPICON_NAME = AppIcon;
				CODE_SIGN_STYLE = Automatic;
				DEVELOPMENT_TEAM = 7454MRUG93;
				INFOPLIST_FILE = XBYPlayer/Info.plist;
				LD_RUNPATH_SEARCH_PATHS = (
					"$(inherited)",
					"@executable_path/Frameworks",
				);
				PRODUCT_BUNDLE_IDENTIFIER = com.BToken.XBYPlayer;
				PRODUCT_NAME = "$(TARGET_NAME)";
				TARGETED_DEVICE_FAMILY = "1,2";
			};
			name = Release;
		};
/* End XCBuildConfiguration section */

/* Begin XCConfigurationList section */
		A1EB7B822195925800B6B198 /* Build configuration list for PBXProject "XBYPlayer" */ = {
			isa = XCConfigurationList;
			buildConfigurations = (
				A1EB7B9B2195925900B6B198 /* Debug */,
				A1EB7B9C2195925900B6B198 /* Release */,
			);
			defaultConfigurationIsVisible = 0;
			defaultConfigurationName = Release;
		};
		A1EB7B9D2195925900B6B198 /* Build configuration list for PBXNativeTarget "XBYPlayer" */ = {
			isa = XCConfigurationList;
			buildConfigurations = (
				A1EB7B9E2195925900B6B198 /* Debug */,
				A1EB7B9F2195925900B6B198 /* Release */,
			);
			defaultConfigurationIsVisible = 0;
			defaultConfigurationName = Release;
		};
/* End XCConfigurationList section */
	};
	rootObject = A1EB7B7F2195925800B6B198 /* Project object */;
}
